{
  "name": "dummyrepo",
  "version": "1.0.0",
  "lockfileVersion": 3,
  "requires": true,
  "packages": {
    "": {
      "name": "dummyrepo",
      "version": "1.0.0",
      "license": "ISC",
      "workspaces": [
        "packages/*"
      ],
      "devDependencies": {
        "changesets": "^1.0.2"
      }
    },
    "node_modules/a": {
      "resolved": "packages/a",
      "link": true
    },
    "node_modules/b": {
      "resolved": "packages/b",
      "link": true
    },
    "node_modules/c": {
      "resolved": "packages/c",
      "link": true
    },
    "node_modules/changesets": {
      "version": "1.0.2",
      "resolved": "https://registry.npmjs.org/changesets/-/changesets-1.0.2.tgz",
      "integrity": "sha512-lnXvvqJEcK0z/6RtwKNLbejazl+Hxd1bocMcNgfLHWb4rGxuqkO/LdeGNzwIx3jHj+fNWZ6AGgK5AqNBwva4Xg==",
      "dev": true,
      "license": "MIT"
    },
    "packages/a": {
      "version": "1.0.0",
      "license": "ISC"
    },
    "packages/b": {
      "version": "1.0.0",
      "license": "ISC"
    },
    "packages/c": {
      "version": "1.0.0",
      "license": "ISC"
    }
  }
}
